
Microsoft Visual Studio Solution File, Format Version 12.00
# Visual Studio 15
VisualStudioVersion = 15.0.28307.852
MinimumVisualStudioVersion = 10.0.40219.1
Project("{9A19103F-16F7-4668-BE54-9A1E7A4F7556}") = "NetBarcode", "NetBarcode\NetBarcode.csproj", "{B087E675-F31D-4324-92A3-FA26681D8F81}"
EndProject
Project("{FAE04EC0-301F-11D3-BF4B-00C04F79EFBC}") = "NetBarcodeDemo", "NetBarcodeDemo\NetBarcodeDemo.csproj", "{57840D64-EAFF-41F0-BA60-080CC45410DD}"
EndProject
Global
	GlobalSection(SolutionConfigurationPlatforms) = preSolution
		Debug|Any CPU = Debug|Any CPU
		Release|Any CPU = Release|Any CPU
	EndGlobalSection
	GlobalSection(ProjectConfigurationPlatforms) = postSolution
		{B087E675-F31D-4324-92A3-FA26681D8F81}.Debug|Any CPU.ActiveCfg = Debug|Any CPU
		{B087E675-F31D-4324-92A3-FA26681D8F81}.Debug|Any CPU.Build.0 = Debug|Any CPU
		{B087E675-F31D-4324-92A3-FA26681D8F81}.Release|Any CPU.ActiveCfg = Release|Any CPU
		{B087E675-F31D-4324-92A3-FA26681D8F81}.Release|Any CPU.Build.0 = Release|Any CPU
		{57840D64-EAFF-41F0-BA60-080CC45410DD}.Debug|Any CPU.ActiveCfg = Debug|Any CPU
		{57840D64-EAFF-41F0-BA60-080CC45410DD}.Debug|Any CPU.Build.0 = Debug|Any CPU
		{57840D64-EAFF-41F0-BA60-080CC45410DD}.Release|Any CPU.ActiveCfg = Release|Any CPU
		{57840D64-EAFF-41F0-BA60-080CC45410DD}.Release|Any CPU.Build.0 = Release|Any CPU
	EndGlobalSection
	GlobalSection(SolutionProperties) = preSolution
		HideSolutionNode = FALSE
	EndGlobalSection
	GlobalSection(ExtensibilityGlobals) = postSolution
		SolutionGuid = {F2F14BE3-EF4F-4668-9C19-5163D489B8CA}
	EndGlobalSection
EndGlobal
